
Microsoft Visual Studio Solution File, Format Version 12.00
# Visual Studio Version 16
VisualStudioVersion = 16.0.31019.35
MinimumVisualStudioVersion = 10.0.40219.1
Project("{FAE04EC0-301F-11D3-BF4B-00C04F79EFBC}") = "StudentAdmissionManagement", "StudentAdmissionManagement.csproj", "{82C0B005-3FD2-440E-8254-6A4A34C5D08C}"
EndProject
Project("{FAE04EC0-301F-11D3-BF4B-00C04F79EFBC}") = "StudentAdmissionManagementTemplate", "..\StudentAdmissionManagementTemplate\StudentAdmissionManagementTemplate.csproj", "{7F2FB3A3-A9CB-41A1-9275-AFE0FCE31755}"
EndProject
Project("{9A19103F-16F7-4668-BE54-9A1E7A4F7556}") = "StudentAdmissionManagementUnitTests", "..\StudentAdmissionManagementUnitTests\StudentAdmissionManagementUnitTests.csproj", "{0A821E5F-1724-4EC3-8F4C-FA85B88F315D}"
EndProject
Global
	GlobalSection(SolutionConfigurationPlatforms) = preSolution
		Debug|Any CPU = Debug|Any CPU
		Release|Any CPU = Release|Any CPU
	EndGlobalSection
	GlobalSection(ProjectConfigurationPlatforms) = postSolution
		{82C0B005-3FD2-440E-8254-6A4A34C5D08C}.Debug|Any CPU.ActiveCfg = Debug|Any CPU
		{82C0B005-3FD2-440E-8254-6A4A34C5D08C}.Debug|Any CPU.Build.0 = Debug|Any CPU
		{82C0B005-3FD2-440E-8254-6A4A34C5D08C}.Release|Any CPU.ActiveCfg = Release|Any CPU
		{82C0B005-3FD2-440E-8254-6A4A34C5D08C}.Release|Any CPU.Build.0 = Release|Any CPU
		{7F2FB3A3-A9CB-41A1-9275-AFE0FCE31755}.Debug|Any CPU.ActiveCfg = Debug|Any CPU
		{7F2FB3A3-A9CB-41A1-9275-AFE0FCE31755}.Debug|Any CPU.Build.0 = Debug|Any CPU
		{7F2FB3A3-A9CB-41A1-9275-AFE0FCE31755}.Release|Any CPU.ActiveCfg = Release|Any CPU
		{7F2FB3A3-A9CB-41A1-9275-AFE0FCE31755}.Release|Any CPU.Build.0 = Release|Any CPU
		{0A821E5F-1724-4EC3-8F4C-FA85B88F315D}.Debug|Any CPU.ActiveCfg = Debug|Any CPU
		{0A821E5F-1724-4EC3-8F4C-FA85B88F315D}.Debug|Any CPU.Build.0 = Debug|Any CPU
		{0A821E5F-1724-4EC3-8F4C-FA85B88F315D}.Release|Any CPU.ActiveCfg = Release|Any CPU
		{0A821E5F-1724-4EC3-8F4C-FA85B88F315D}.Release|Any CPU.Build.0 = Release|Any CPU
	EndGlobalSection
	GlobalSection(SolutionProperties) = preSolution
		HideSolutionNode = FALSE
	EndGlobalSection
	GlobalSection(ExtensibilityGlobals) = postSolution
		SolutionGuid = {78391AF0-F127-4D4C-A80C-D12D84A365E7}
	EndGlobalSection
EndGlobal
